// !$*UTF8*$!
{
	archiveVersion = 1;
	classes = {
	};
	objectVersion = 46;
	objects = {

/* Begin PBXBuildFile section */
		04FEA5901CFE87570041ED7B /* main.m in Sources */ = {isa = PBXBuildFile; fileRef = 04FEA58F1CFE87570041ED7B /* main.m */; };
		04FEA5931CFE87570041ED7B /* AppDelegate.m in Sources */ = {isa = PBXBuildFile; fileRef = 04FEA5921CFE87570041ED7B /* AppDelegate.m */; };
		04FEA5961CFE87570041ED7B /* ViewController.m in Sources */ = {isa = PBXBuildFile; fileRef = 04FEA5951CFE87570041ED7B /* ViewController.m */; };
		04FEA5991CFE87570041ED7B /* Main.storyboard in Resources */ = {isa = PBXBuildFile; fileRef = 04FEA5971CFE87570041ED7B /* Main.storyboard */; };
		04FEA59B1CFE87570041ED7B /* Assets.xcassets in Resources */ = {isa = PBXBuildFile; fileRef = 04FEA59A1CFE87570041ED7B /* Assets.xcassets */; };
		04FEA59E1CFE87570041ED7B /* LaunchScreen.storyboard in Resources */ = {isa = PBXBuildFile; fileRef = 04FEA59C1CFE87570041ED7B /* LaunchScreen.storyboard */; };
/* End PBXBuildFile section */

/* Begin PBXFileReference section */
		04FEA58B1CFE87570041ED7B /* wangwang.app */ = {isa = PBXFileReference; explicitFileType = wrapper.application; includeInIndex = 0; path = wangwang.app; sourceTree = BUILT_PRODUCTS_DIR; };
		04FEA58F1CFE87570041ED7B /* main.m */ = {isa = PBXFileReference; lastKnownFileType = sourcecode.c.objc; path = main.m; sourceTree = "<group>"; };
		04FEA5911CFE87570041ED7B /* AppDelegate.h */ = {isa = PBXFileReference; lastKnownFileType = sourcecode.c.h; path = AppDelegate.h; sourceTree = "<group>"; };
		04FEA5921CFE87570041ED7B /* AppDelegate.m */ = {isa = PBXFileReference; lastKnownFileType = sourcecode.c.objc; path = AppDelegate.m; sourceTree = "<group>"; };
		04FEA5941CFE87570041ED7B /* ViewController.h */ = {isa = PBXFileReference; lastKnownFileType = sourcecode.c.h; path = ViewController.h; sourceTree = "<group>"; };
		04FEA5951CFE87570041ED7B /* ViewController.m */ = {isa = PBXFileReference; lastKnownFileType = sourcecode.c.objc; path = ViewController.m; sourceTree = "<group>"; };
		04FEA5981CFE87570041ED7B /* Base */ = {isa = PBXFileReference; lastKnownFileType = file.storyboard; name = Base; path = Base.lproj/Main.storyboard; sourceTree = "<group>"; };
		04FEA59A1CFE87570041ED7B /* Assets.xcassets */ = {isa = PBXFileReference; lastKnownFileType = folder.assetcatalog; path = Assets.xcassets; sourceTree = "<group>"; };
		04FEA59D1CFE87570041ED7B /* Base */ = {isa = PBXFileReference; lastKnownFileType = file.storyboard; name = Base; path = Base.lproj/LaunchScreen.storyboard; sourceTree = "<group>"; };
		04FEA59F1CFE87570041ED7B /* Info.plist */ = {isa = PBXFileReference; lastKnownFileType = text.plist.xml; path = Info.plist; sourceTree = "<group>"; };
/* End PBXFileReference section */

/* Begin PBXFrameworksBuildPhase section */
		04FEA5881CFE87570041ED7B /* Frameworks */ = {
			isa = PBXFrameworksBuildPhase;
			buildActionMask = 2147483647;
			files = (
			);
			runOnlyForDeploymentPostprocessing = 0;
		};
/* End PBXFrameworksBuildPhase section */

/* Begin PBXGroup section */
		04FEA5821CFE87570041ED7B = {
			isa = PBXGroup;
			children = (
				04FEA58D1CFE87570041ED7B /* wangwang */,
				04FEA58C1CFE87570041ED7B /* Products */,
			);
			sourceTree = "<group>";
		};
		04FEA58C1CFE87570041ED7B /* Products */ = {
			isa = PBXGroup;
			children = (
				04FEA58B1CFE87570041ED7B /* wangwang.app */,
			);
			name = Products;
			sourceTree = "<group>";
		};
		04FEA58D1CFE87570041ED7B /* wangwang */ = {
			isa = PBXGroup;
			children = (
				04FEA5911CFE87570041ED7B /* AppDelegate.h */,
				04FEA5921CFE87570041ED7B /* AppDelegate.m */,
				04FEA5941CFE87570041ED7B /* ViewController.h */,
				04FEA5951CFE87570041ED7B /* ViewController.m */,
				04FEA5971CFE87570041ED7B /* Main.storyboard */,
				04FEA59A1CFE87570041ED7B /* Assets.xcassets */,
				04FEA59C1CFE87570041ED7B /* LaunchScreen.storyboard */,
				04FEA59F1CFE87570041ED7B /* Info.plist */,
				04FEA58E1CFE87570041ED7B /* Supporting Files */,
			);
			path = wangwang;
			sourceTree = "<group>";
		};
		04FEA58E1CFE87570041ED7B /* Supporting Files */ = {
			isa = PBXGroup;
			children = (
				04FEA58F1CFE87570041ED7B /* main.m */,
			);
			name = "Supporting Files";
			sourceTree = "<group>";
		};
/* End PBXGroup section */

/* Begin PBXNativeTarget section */
		04FEA58A1CFE87570041ED7B /* wangwang */ = {
			isa = PBXNativeTarget;
			buildConfigurationList = 04FEA5A21CFE87570041ED7B /* Build configuration list for PBXNativeTarget "wangwang" */;
			buildPhases = (
				04FEA5871CFE87570041ED7B /* Sources */,
				04FEA5881CFE87570041ED7B /* Frameworks */,
				04FEA5891CFE87570041ED7B /* Resources */,
			);
			buildRules = (
			);
			dependencies = (
			);
			name = wangwang;
			productName = wangwang;
			productReference = 04FEA58B1CFE87570041ED7B /* wangwang.app */;
			productType = "com.apple.product-type.application";
		};
/* End PBXNativeTarget section */

/* Begin PBXProject section */
		04FEA5831CFE87570041ED7B /* Project object */ = {
			isa = PBXProject;
			attributes = {
				LastUpgradeCheck = 0720;
				ORGANIZATIONNAME = "王晓东";
				TargetAttributes = {
					04FEA58A1CFE87570041ED7B = {
						CreatedOnToolsVersion = 7.2.1;
						DevelopmentTeam = LUYTP94MVT;
					};
				};
			};
			buildConfigurationList = 04FEA5861CFE87570041ED7B /* Build configuration list for PBXProject "wangwang" */;
			compatibilityVersion = "Xcode 3.2";
			developmentRegion = English;
			hasScannedForEncodings = 0;
			knownRegions = (
				en,
				Base,
			);
			mainGroup = 04FEA5821CFE87570041ED7B;
			productRefGroup = 04FEA58C1CFE87570041ED7B /* Products */;
			projectDirPath = "";
			projectRoot = "";
			targets = (
				04FEA58A1CFE87570041ED7B /* wangwang */,
			);
		};
/* End PBXProject section */

/* Begin PBXResourcesBuildPhase section */
		04FEA5891CFE87570041ED7B /* Resources */ = {
			isa = PBXResourcesBuildPhase;
			buildActionMask = 2147483647;
			files = (
				04FEA59E1CFE87570041ED7B /* LaunchScreen.storyboard in Resources */,
				04FEA59B1CFE87570041ED7B /* Assets.xcassets in Resources */,
				04FEA5991CFE87570041ED7B /* Main.storyboard in Resources */,
			);
			runOnlyForDeploymentPostprocessing = 0;
		};
/* End PBXResourcesBuildPhase section */

/* Begin PBXSourcesBuildPhase section */
		04FEA5871CFE87570041ED7B /* Sources */ = {
			isa = PBXSourcesBuildPhase;
			buildActionMask = 2147483647;
			files = (
				04FEA5961CFE87570041ED7B /* ViewController.m in Sources */,
				04FEA5931CFE87570041ED7B /* AppDelegate.m in Sources */,
				04FEA5901CFE87570041ED7B /* main.m in Sources */,
			);
			runOnlyForDeploymentPostprocessing = 0;
		};
/* End PBXSourcesBuildPhase section */

/* Begin PBXVariantGroup section */
		04FEA5971CFE87570041ED7B /* Main.storyboard */ = {
			isa = PBXVariantGroup;
			children = (
				04FEA5981CFE87570041ED7B /* Base */,
			);
			name = Main.storyboard;
			sourceTree = "<group>";
		};
		04FEA59C1CFE87570041ED7B /* LaunchScreen.storyboard */ = {
			isa = PBXVariantGroup;
			children = (
				04FEA59D1CFE87570041ED7B /* Base */,
			);
			name = LaunchScreen.storyboard;
			sourceTree = "<group>";
		};
/* End PBXVariantGroup section */

/* Begin XCBuildConfiguration section */
		04FEA5A01CFE87570041ED7B /* Debug */ = {
			isa = XCBuildConfiguration;
			buildSettings = {
				ALWAYS_SEARCH_USER_PATHS = NO;
				CLANG_CXX_LANGUAGE_STANDARD = "gnu++0x";
				CLANG_CXX_LIBRARY = "libc++";
				CLANG_ENABLE_MODULES = YES;
				CLANG_ENABLE_OBJC_ARC = YES;
				CLANG_WARN_BOOL_CONVERSION = YES;
				CLANG_WARN_CONSTANT_CONVERSION = YES;
				CLANG_WARN_DIRECT_OBJC_ISA_USAGE = YES_ERROR;
				CLANG_WARN_EMPTY_BODY = YES;
				CLANG_WARN_ENUM_CONVERSION = YES;
				CLANG_WARN_INT_CONVERSION = YES;
				CLANG_WARN_OBJC_ROOT_CLASS = YES_ERROR;
				CLANG_WARN_UNREACHABLE_CODE = YES;
				CLANG_WARN__DUPLICATE_METHOD_MATCH = YES;
				"CODE_SIGN_IDENTITY[sdk=iphoneos*]" = "iPhone Developer";
				COPY_PHASE_STRIP = NO;
				DEBUG_INFORMATION_FORMAT = dwarf;
				ENABLE_STRICT_OBJC_MSGSEND = YES;
				ENABLE_TESTABILITY = YES;
				GCC_C_LANGUAGE_STANDARD = gnu99;
				GCC_DYNAMIC_NO_PIC = NO;
				GCC_NO_COMMON_BLOCKS = YES;
				GCC_OPTIMIZATION_LEVEL = 0;
				GCC_PREPROCESSOR_DEFINITIONS = (
					"DEBUG=1",
					"$(inherited)",
				);
				GCC_WARN_64_TO_32_BIT_CONVERSION = YES;
				GCC_WARN_ABOUT_RETURN_TYPE = YES_ERROR;
				GCC_WARN_UNDECLARED_SELECTOR = YES;
				GCC_WARN_UNINITIALIZED_AUTOS = YES_AGGRESSIVE;
				GCC_WARN_UNUSED_FUNCTION = YES;
				GCC_WARN_UNUSED_VARIABLE = YES;
				IPHONEOS_DEPLOYMENT_TARGET = 9.2;
				MTL_ENABLE_DEBUG_INFO = YES;
				ONLY_ACTIVE_ARCH = YES;
				SDKROOT = iphoneos;
				TARGETED_DEVICE_FAMILY = "1,2";
			};
			name = Debug;
		};
		04FEA5A11CFE87570041ED7B /* Release */ = {
			isa = XCBuildConfiguration;
			buildSettings = {
				ALWAYS_SEARCH_USER_PATHS = NO;
				CLANG_CXX_LANGUAGE_STANDARD = "gnu++0x";
				CLANG_CXX_LIBRARY = "libc++";
				CLANG_ENABLE_MODULES = YES;
				CLANG_ENABLE_OBJC_ARC = YES;
				CLANG_WARN_BOOL_CONVERSION = YES;
				CLANG_WARN_CONSTANT_CONVERSION = YES;
				CLANG_WARN_DIRECT_OBJC_ISA_USAGE = YES_ERROR;
				CLANG_WARN_EMPTY_BODY = YES;
				CLANG_WARN_ENUM_CONVERSION = YES;
				CLANG_WARN_INT_CONVERSION = YES;
				CLANG_WARN_OBJC_ROOT_CLASS = YES_ERROR;
				CLANG_WARN_UNREACHABLE_CODE = YES;
				CLANG_WARN__DUPLICATE_METHOD_MATCH = YES;
				"CODE_SIGN_IDENTITY[sdk=iphoneos*]" = "iPhone Developer";
				COPY_PHASE_STRIP = NO;
				DEBUG_INFORMATION_FORMAT = "dwarf-with-dsym";
				ENABLE_NS_ASSERTIONS = NO;
				ENABLE_STRICT_OBJC_MSGSEND = YES;
				GCC_C_LANGUAGE_STANDARD = gnu99;
				GCC_NO_COMMON_BLOCKS = YES;
				GCC_WARN_64_TO_32_BIT_CONVERSION = YES;
				GCC_WARN_ABOUT_RETURN_TYPE = YES_ERROR;
				GCC_WARN_UNDECLARED_SELECTOR = YES;
				GCC_WARN_UNINITIALIZED_AUTOS = YES_AGGRESSIVE;
				GCC_WARN_UNUSED_FUNCTION = YES;
				GCC_WARN_UNUSED_VARIABLE = YES;
				IPHONEOS_DEPLOYMENT_TARGET = 9.2;
				MTL_ENABLE_DEBUG_INFO = NO;
				SDKROOT = iphoneos;
				TARGETED_DEVICE_FAMILY = "1,2";
				VALIDATE_PRODUCT = YES;
			};
			name = Release;
		};
		04FEA5A31CFE87570041ED7B /* Debug */ = {
			isa = XCBuildConfiguration;
			buildSettings = {
				ASSETCATALOG_COMPILER_APPICON_NAME = AppIcon;
				INFOPLIST_FILE = wangwang/Info.plist;
				LD_RUNPATH_SEARCH_PATHS = "$(inherited) @executable_path/Frameworks";
				PRODUCT_BUNDLE_IDENTIFIER = CoolDog.wangwang;
				PRODUCT_NAME = "$(TARGET_NAME)";
			};
			name = Debug;
		};
		04FEA5A41CFE87570041ED7B /* Release */ = {
			isa = XCBuildConfiguration;
			buildSettings = {
				ASSETCATALOG_COMPILER_APPICON_NAME = AppIcon;
				INFOPLIST_FILE = wangwang/Info.plist;
				LD_RUNPATH_SEARCH_PATHS = "$(inherited) @executable_path/Frameworks";
				PRODUCT_BUNDLE_IDENTIFIER = CoolDog.wangwang;
				PRODUCT_NAME = "$(TARGET_NAME)";
			};
			name = Release;
		};
/* End XCBuildConfiguration section */

/* Begin XCConfigurationList section */
		04FEA5861CFE87570041ED7B /* Build configuration list for PBXProject "wangwang" */ = {
			isa = XCConfigurationList;
			buildConfigurations = (
				04FEA5A01CFE87570041ED7B /* Debug */,
				04FEA5A11CFE87570041ED7B /* Release */,
			);
			defaultConfigurationIsVisible = 0;
			defaultConfigurationName = Release;
		};
		04FEA5A21CFE87570041ED7B /* Build configuration list for PBXNativeTarget "wangwang" */ = {
			isa = XCConfigurationList;
			buildConfigurations = (
				04FEA5A31CFE87570041ED7B /* Debug */,
				04FEA5A41CFE87570041ED7B /* Release */,
			);
			defaultConfigurationIsVisible = 0;
		};
/* End XCConfigurationList section */
	};
	rootObject = 04FEA5831CFE87570041ED7B /* Project object */;
}
